// !$*UTF8*$!
{
	archiveVersion = 1;
	classes = {
	};
	objectVersion = 50;
	objects = {

/* Begin PBXBuildFile section */
		8205FA4724D1B95A009548F8 /* AppDelegate.swift in Sources */ = {isa = PBXBuildFile; fileRef = 8205FA4624D1B95A009548F8 /* AppDelegate.swift */; };
		8205FA4924D1B95A009548F8 /* SceneDelegate.swift in Sources */ = {isa = PBXBuildFile; fileRef = 8205FA4824D1B95A009548F8 /* SceneDelegate.swift */; };
		8205FA4B24D1B95A009548F8 /* ViewController.swift in Sources */ = {isa = PBXBuildFile; fileRef = 8205FA4A24D1B95A009548F8 /* ViewController.swift */; };
		8205FA4E24D1B95A009548F8 /* Main.storyboard in Resources */ = {isa = PBXBuildFile; fileRef = 8205FA4C24D1B95A009548F8 /* Main.storyboard */; };
		8205FA5124D1B95A009548F8 /* Prepupa.xcdatamodeld in Sources */ = {isa = PBXBuildFile; fileRef = 8205FA4F24D1B95A009548F8 /* Prepupa.xcdatamodeld */; };
		8205FA5324D1B95B009548F8 /* Assets.xcassets in Resources */ = {isa = PBXBuildFile; fileRef = 8205FA5224D1B95B009548F8 /* Assets.xcassets */; };
		8205FA5624D1B95B009548F8 /* LaunchScreen.storyboard in Resources */ = {isa = PBXBuildFile; fileRef = 8205FA5424D1B95B009548F8 /* LaunchScreen.storyboard */; };
/* End PBXBuildFile section */

/* Begin PBXFileReference section */
		8205FA4324D1B95A009548F8 /* Prepupa.app */ = {isa = PBXFileReference; explicitFileType = wrapper.application; includeInIndex = 0; path = Prepupa.app; sourceTree = BUILT_PRODUCTS_DIR; };
		8205FA4624D1B95A009548F8 /* AppDelegate.swift */ = {isa = PBXFileReference; lastKnownFileType = sourcecode.swift; path = AppDelegate.swift; sourceTree = "<group>"; };
		8205FA4824D1B95A009548F8 /* SceneDelegate.swift */ = {isa = PBXFileReference; lastKnownFileType = sourcecode.swift; path = SceneDelegate.swift; sourceTree = "<group>"; };
		8205FA4A24D1B95A009548F8 /* ViewController.swift */ = {isa = PBXFileReference; lastKnownFileType = sourcecode.swift; path = ViewController.swift; sourceTree = "<group>"; };
		8205FA4D24D1B95A009548F8 /* Base */ = {isa = PBXFileReference; lastKnownFileType = file.storyboard; name = Base; path = Base.lproj/Main.storyboard; sourceTree = "<group>"; };
		8205FA5024D1B95A009548F8 /* Prepupa.xcdatamodel */ = {isa = PBXFileReference; lastKnownFileType = wrapper.xcdatamodel; path = Prepupa.xcdatamodel; sourceTree = "<group>"; };
		8205FA5224D1B95B009548F8 /* Assets.xcassets */ = {isa = PBXFileReference; lastKnownFileType = folder.assetcatalog; path = Assets.xcassets; sourceTree = "<group>"; };
		8205FA5524D1B95B009548F8 /* Base */ = {isa = PBXFileReference; lastKnownFileType = file.storyboard; name = Base; path = Base.lproj/LaunchScreen.storyboard; sourceTree = "<group>"; };
		8205FA5724D1B95B009548F8 /* Info.plist */ = {isa = PBXFileReference; lastKnownFileType = text.plist.xml; path = Info.plist; sourceTree = "<group>"; };
/* End PBXFileReference section */

/* Begin PBXFrameworksBuildPhase section */
		8205FA4024D1B95A009548F8 /* Frameworks */ = {
			isa = PBXFrameworksBuildPhase;
			buildActionMask = 2147483647;
			files = (
			);
			runOnlyForDeploymentPostprocessing = 0;
		};
/* End PBXFrameworksBuildPhase section */

/* Begin PBXGroup section */
		8205FA3A24D1B95A009548F8 = {
			isa = PBXGroup;
			children = (
				8205FA4524D1B95A009548F8 /* Prepupa */,
				8205FA4424D1B95A009548F8 /* Products */,
			);
			sourceTree = "<group>";
		};
		8205FA4424D1B95A009548F8 /* Products */ = {
			isa = PBXGroup;
			children = (
				8205FA4324D1B95A009548F8 /* Prepupa.app */,
			);
			name = Products;
			sourceTree = "<group>";
		};
		8205FA4524D1B95A009548F8 /* Prepupa */ = {
			isa = PBXGroup;
			children = (
				8205FA4624D1B95A009548F8 /* AppDelegate.swift */,
				8205FA4824D1B95A009548F8 /* SceneDelegate.swift */,
				8205FA4A24D1B95A009548F8 /* ViewController.swift */,
				8205FA4C24D1B95A009548F8 /* Main.storyboard */,
				8205FA5224D1B95B009548F8 /* Assets.xcassets */,
				8205FA5424D1B95B009548F8 /* LaunchScreen.storyboard */,
				8205FA5724D1B95B009548F8 /* Info.plist */,
				8205FA4F24D1B95A009548F8 /* Prepupa.xcdatamodeld */,
			);
			path = Prepupa;
			sourceTree = "<group>";
		};
/* End PBXGroup section */

/* Begin PBXNativeTarget section */
		8205FA4224D1B95A009548F8 /* Prepupa */ = {
			isa = PBXNativeTarget;
			buildConfigurationList = 8205FA5A24D1B95B009548F8 /* Build configuration list for PBXNativeTarget "Prepupa" */;
			buildPhases = (
				8205FA3F24D1B95A009548F8 /* Sources */,
				8205FA4024D1B95A009548F8 /* Frameworks */,
				8205FA4124D1B95A009548F8 /* Resources */,
			);
			buildRules = (
			);
			dependencies = (
			);
			name = Prepupa;
			productName = Prepupa;
			productReference = 8205FA4324D1B95A009548F8 /* Prepupa.app */;
			productType = "com.apple.product-type.application";
		};
/* End PBXNativeTarget section */

/* Begin PBXProject section */
		8205FA3B24D1B95A009548F8 /* Project object */ = {
			isa = PBXProject;
			attributes = {
				LastSwiftUpdateCheck = 1160;
				LastUpgradeCheck = 1160;
				ORGANIZATIONNAME = "Saba Mehrzad";
				TargetAttributes = {
					8205FA4224D1B95A009548F8 = {
						CreatedOnToolsVersion = 11.6;
					};
				};
			};
			buildConfigurationList = 8205FA3E24D1B95A009548F8 /* Build configuration list for PBXProject "Prepupa" */;
			compatibilityVersion = "Xcode 9.3";
			developmentRegion = en;
			hasScannedForEncodings = 0;
			knownRegions = (
				en,
				Base,
			);
			mainGroup = 8205FA3A24D1B95A009548F8;
			productRefGroup = 8205FA4424D1B95A009548F8 /* Products */;
			projectDirPath = "";
			projectRoot = "";
			targets = (
				8205FA4224D1B95A009548F8 /* Prepupa */,
			);
		};
/* End PBXProject section */

/* Begin PBXResourcesBuildPhase section */
		8205FA4124D1B95A009548F8 /* Resources */ = {
			isa = PBXResourcesBuildPhase;
			buildActionMask = 2147483647;
			files = (
				8205FA5624D1B95B009548F8 /* LaunchScreen.storyboard in Resources */,
				8205FA5324D1B95B009548F8 /* Assets.xcassets in Resources */,
				8205FA4E24D1B95A009548F8 /* Main.storyboard in Resources */,
			);
			runOnlyForDeploymentPostprocessing = 0;
		};
/* End PBXResourcesBuildPhase section */

/* Begin PBXSourcesBuildPhase section */
		8205FA3F24D1B95A009548F8 /* Sources */ = {
			isa = PBXSourcesBuildPhase;
			buildActionMask = 2147483647;
			files = (
				8205FA4B24D1B95A009548F8 /* ViewController.swift in Sources */,
				8205FA5124D1B95A009548F8 /* Prepupa.xcdatamodeld in Sources */,
				8205FA4724D1B95A009548F8 /* AppDelegate.swift in Sources */,
				8205FA4924D1B95A009548F8 /* SceneDelegate.swift in Sources */,
			);
			runOnlyForDeploymentPostprocessing = 0;
		};
/* End PBXSourcesBuildPhase section */

/* Begin PBXVariantGroup section */
		8205FA4C24D1B95A009548F8 /* Main.storyboard */ = {
			isa = PBXVariantGroup;
			children = (
				8205FA4D24D1B95A009548F8 /* Base */,
			);
			name = Main.storyboard;
			sourceTree = "<group>";
		};
		8205FA5424D1B95B009548F8 /* LaunchScreen.storyboard */ = {
			isa = PBXVariantGroup;
			children = (
				8205FA5524D1B95B009548F8 /* Base */,
			);
			name = LaunchScreen.storyboard;
			sourceTree = "<group>";
		};
/* End PBXVariantGroup section */

/* Begin XCBuildConfiguration section */
		8205FA5824D1B95B009548F8 /* Debug */ = {
			isa = XCBuildConfiguration;
			buildSettings = {
				ALWAYS_SEARCH_USER_PATHS = NO;
				CLANG_ANALYZER_NONNULL = YES;
				CLANG_ANALYZER_NUMBER_OBJECT_CONVERSION = YES_AGGRESSIVE;
				CLANG_CXX_LANGUAGE_STANDARD = "gnu++14";
				CLANG_CXX_LIBRARY = "libc++";
				CLANG_ENABLE_MODULES = YES;
				CLANG_ENABLE_OBJC_ARC = YES;
				CLANG_ENABLE_OBJC_WEAK = YES;
				CLANG_WARN_BLOCK_CAPTURE_AUTORELEASING = YES;
				CLANG_WARN_BOOL_CONVERSION = YES;
				CLANG_WARN_COMMA = YES;
				CLANG_WARN_CONSTANT_CONVERSION = YES;
				CLANG_WARN_DEPRECATED_OBJC_IMPLEMENTATIONS = YES;
				CLANG_WARN_DIRECT_OBJC_ISA_USAGE = YES_ERROR;
				CLANG_WARN_DOCUMENTATION_COMMENTS = YES;
				CLANG_WARN_EMPTY_BODY = YES;
				CLANG_WARN_ENUM_CONVERSION = YES;
				CLANG_WARN_INFINITE_RECURSION = YES;
				CLANG_WARN_INT_CONVERSION = YES;
				CLANG_WARN_NON_LITERAL_NULL_CONVERSION = YES;
				CLANG_WARN_OBJC_IMPLICIT_RETAIN_SELF = YES;
				CLANG_WARN_OBJC_LITERAL_CONVERSION = YES;
				CLANG_WARN_OBJC_ROOT_CLASS = YES_ERROR;
				CLANG_WARN_RANGE_LOOP_ANALYSIS = YES;
				CLANG_WARN_STRICT_PROTOTYPES = YES;
				CLANG_WARN_SUSPICIOUS_MOVE = YES;
				CLANG_WARN_UNGUARDED_AVAILABILITY = YES_AGGRESSIVE;
				CLANG_WARN_UNREACHABLE_CODE = YES;
				CLANG_WARN__DUPLICATE_METHOD_MATCH = YES;
				COPY_PHASE_STRIP = NO;
				DEBUG_INFORMATION_FORMAT = dwarf;
				ENABLE_STRICT_OBJC_MSGSEND = YES;
				ENABLE_TESTABILITY = YES;
				GCC_C_LANGUAGE_STANDARD = gnu11;
				GCC_DYNAMIC_NO_PIC = NO;
				GCC_NO_COMMON_BLOCKS = YES;
				GCC_OPTIMIZATION_LEVEL = 0;
				GCC_PREPROCESSOR_DEFINITIONS = (
					"DEBUG=1",
					"$(inherited)",
				);
				GCC_WARN_64_TO_32_BIT_CONVERSION = YES;
				GCC_WARN_ABOUT_RETURN_TYPE = YES_ERROR;
				GCC_WARN_UNDECLARED_SELECTOR = YES;
				GCC_WARN_UNINITIALIZED_AUTOS = YES_AGGRESSIVE;
				GCC_WARN_UNUSED_FUNCTION = YES;
				GCC_WARN_UNUSED_VARIABLE = YES;
				IPHONEOS_DEPLOYMENT_TARGET = 13.6;
				MTL_ENABLE_DEBUG_INFO = INCLUDE_SOURCE;
				MTL_FAST_MATH = YES;
				ONLY_ACTIVE_ARCH = YES;
				SDKROOT = iphoneos;
				SWIFT_ACTIVE_COMPILATION_CONDITIONS = DEBUG;
				SWIFT_OPTIMIZATION_LEVEL = "-Onone";
			};
			name = Debug;
		};
		8205FA5924D1B95B009548F8 /* Release */ = {
			isa = XCBuildConfiguration;
			buildSettings = {
				ALWAYS_SEARCH_USER_PATHS = NO;
				CLANG_ANALYZER_NONNULL = YES;
				CLANG_ANALYZER_NUMBER_OBJECT_CONVERSION = YES_AGGRESSIVE;
				CLANG_CXX_LANGUAGE_STANDARD = "gnu++14";
				CLANG_CXX_LIBRARY = "libc++";
				CLANG_ENABLE_MODULES = YES;
				CLANG_ENABLE_OBJC_ARC = YES;
				CLANG_ENABLE_OBJC_WEAK = YES;
				CLANG_WARN_BLOCK_CAPTURE_AUTORELEASING = YES;
				CLANG_WARN_BOOL_CONVERSION = YES;
				CLANG_WARN_COMMA = YES;
				CLANG_WARN_CONSTANT_CONVERSION = YES;
				CLANG_WARN_DEPRECATED_OBJC_IMPLEMENTATIONS = YES;
				CLANG_WARN_DIRECT_OBJC_ISA_USAGE = YES_ERROR;
				CLANG_WARN_DOCUMENTATION_COMMENTS = YES;
				CLANG_WARN_EMPTY_BODY = YES;
				CLANG_WARN_ENUM_CONVERSION = YES;
				CLANG_WARN_INFINITE_RECURSION = YES;
				CLANG_WARN_INT_CONVERSION = YES;
				CLANG_WARN_NON_LITERAL_NULL_CONVERSION = YES;
				CLANG_WARN_OBJC_IMPLICIT_RETAIN_SELF = YES;
				CLANG_WARN_OBJC_LITERAL_CONVERSION = YES;
				CLANG_WARN_OBJC_ROOT_CLASS = YES_ERROR;
				CLANG_WARN_RANGE_LOOP_ANALYSIS = YES;
				CLANG_WARN_STRICT_PROTOTYPES = YES;
				CLANG_WARN_SUSPICIOUS_MOVE = YES;
				CLANG_WARN_UNGUARDED_AVAILABILITY = YES_AGGRESSIVE;
				CLANG_WARN_UNREACHABLE_CODE = YES;
				CLANG_WARN__DUPLICATE_METHOD_MATCH = YES;
				COPY_PHASE_STRIP = NO;
				DEBUG_INFORMATION_FORMAT = "dwarf-with-dsym";
				ENABLE_NS_ASSERTIONS = NO;
				ENABLE_STRICT_OBJC_MSGSEND = YES;
				GCC_C_LANGUAGE_STANDARD = gnu11;
				GCC_NO_COMMON_BLOCKS = YES;
				GCC_WARN_64_TO_32_BIT_CONVERSION = YES;
				GCC_WARN_ABOUT_RETURN_TYPE = YES_ERROR;
				GCC_WARN_UNDECLARED_SELECTOR = YES;
				GCC_WARN_UNINITIALIZED_AUTOS = YES_AGGRESSIVE;
				GCC_WARN_UNUSED_FUNCTION = YES;
				GCC_WARN_UNUSED_VARIABLE = YES;
				IPHONEOS_DEPLOYMENT_TARGET = 13.6;
				MTL_ENABLE_DEBUG_INFO = NO;
				MTL_FAST_MATH = YES;
				SDKROOT = iphoneos;
				SWIFT_COMPILATION_MODE = wholemodule;
				SWIFT_OPTIMIZATION_LEVEL = "-O";
				VALIDATE_PRODUCT = YES;
			};
			name = Release;
		};
		8205FA5B24D1B95B009548F8 /* Debug */ = {
			isa = XCBuildConfiguration;
			buildSettings = {
				ASSETCATALOG_COMPILER_APPICON_NAME = AppIcon;
				CODE_SIGN_STYLE = Automatic;
				DEVELOPMENT_TEAM = 8QLFF6KMZG;
				INFOPLIST_FILE = Prepupa/Info.plist;
				LD_RUNPATH_SEARCH_PATHS = (
					"$(inherited)",
					"@executable_path/Frameworks",
				);
				PRODUCT_BUNDLE_IDENTIFIER = KWK.Prepupa;
				PRODUCT_NAME = "$(TARGET_NAME)";
				SWIFT_VERSION = 5.0;
				TARGETED_DEVICE_FAMILY = "1,2";
			};
			name = Debug;
		};
		8205FA5C24D1B95B009548F8 /* Release */ = {
			isa = XCBuildConfiguration;
			buildSettings = {
				ASSETCATALOG_COMPILER_APPICON_NAME = AppIcon;
				CODE_SIGN_STYLE = Automatic;
				DEVELOPMENT_TEAM = 8QLFF6KMZG;
				INFOPLIST_FILE = Prepupa/Info.plist;
				LD_RUNPATH_SEARCH_PATHS = (
					"$(inherited)",
					"@executable_path/Frameworks",
				);
				PRODUCT_BUNDLE_IDENTIFIER = KWK.Prepupa;
				PRODUCT_NAME = "$(TARGET_NAME)";
				SWIFT_VERSION = 5.0;
				TARGETED_DEVICE_FAMILY = "1,2";
			};
			name = Release;
		};
/* End XCBuildConfiguration section */

/* Begin XCConfigurationList section */
		8205FA3E24D1B95A009548F8 /* Build configuration list for PBXProject "Prepupa" */ = {
			isa = XCConfigurationList;
			buildConfigurations = (
				8205FA5824D1B95B009548F8 /* Debug */,
				8205FA5924D1B95B009548F8 /* Release */,
			);
			defaultConfigurationIsVisible = 0;
			defaultConfigurationName = Release;
		};
		8205FA5A24D1B95B009548F8 /* Build configuration list for PBXNativeTarget "Prepupa" */ = {
			isa = XCConfigurationList;
			buildConfigurations = (
				8205FA5B24D1B95B009548F8 /* Debug */,
				8205FA5C24D1B95B009548F8 /* Release */,
			);
			defaultConfigurationIsVisible = 0;
			defaultConfigurationName = Release;
		};
/* End XCConfigurationList section */

/* Begin XCVersionGroup section */
		8205FA4F24D1B95A009548F8 /* Prepupa.xcdatamodeld */ = {
			isa = XCVersionGroup;
			children = (
				8205FA5024D1B95A009548F8 /* Prepupa.xcdatamodel */,
			);
			currentVersion = 8205FA5024D1B95A009548F8 /* Prepupa.xcdatamodel */;
			path = Prepupa.xcdatamodeld;
			sourceTree = "<group>";
			versionGroupType = wrapper.xcdatamodel;
		};
/* End XCVersionGroup section */
	};
	rootObject = 8205FA3B24D1B95A009548F8 /* Project object */;
}
